// !$*UTF8*$!
{
	archiveVersion = 1;
	classes = {
	};
	objectVersion = 56;
	objects = {

/* Begin PBXBuildFile section */
		C05C50142B4C9BB500F07DC3 /* health_kit_module.cpp in Sources */ = {isa = PBXBuildFile; fileRef = C05C50132B4C9BB500F07DC3 /* health_kit_module.cpp */; };
		C05C50152B4C9BB500F07DC3 /* health_kit_module.h in CopyFiles */ = {isa = PBXBuildFile; fileRef = C05C50122B4C9BB500F07DC3 /* health_kit_module.h */; };
		C05C501D2B4CA4FB00F07DC3 /* health_kit.mm in Sources */ = {isa = PBXBuildFile; fileRef = C05C501C2B4CA4FB00F07DC3 /* health_kit.mm */; };
/* End PBXBuildFile section */

/* Begin PBXCopyFilesBuildPhase section */
		C05C500D2B4C9BB500F07DC3 /* CopyFiles */ = {
			isa = PBXCopyFilesBuildPhase;
			buildActionMask = 2147483647;
			dstPath = "include/$(PRODUCT_NAME)";
			dstSubfolderSpec = 16;
			files = (
				C05C50152B4C9BB500F07DC3 /* health_kit_module.h in CopyFiles */,
			);
			runOnlyForDeploymentPostprocessing = 0;
		};
/* End PBXCopyFilesBuildPhase section */

/* Begin PBXFileReference section */
		C05C500F2B4C9BB500F07DC3 /* libHealthKitPlugin.a */ = {isa = PBXFileReference; explicitFileType = archive.ar; includeInIndex = 0; path = libHealthKitPlugin.a; sourceTree = BUILT_PRODUCTS_DIR; };
		C05C50122B4C9BB500F07DC3 /* health_kit_module.h */ = {isa = PBXFileReference; lastKnownFileType = sourcecode.c.h; path = health_kit_module.h; sourceTree = "<group>"; };
		C05C50132B4C9BB500F07DC3 /* health_kit_module.cpp */ = {isa = PBXFileReference; lastKnownFileType = sourcecode.cpp.cpp; path = health_kit_module.cpp; sourceTree = "<group>"; };
		C05C501B2B4CA4D100F07DC3 /* health_kit.h */ = {isa = PBXFileReference; lastKnownFileType = sourcecode.c.h; path = health_kit.h; sourceTree = "<group>"; };
		C05C501C2B4CA4FB00F07DC3 /* health_kit.mm */ = {isa = PBXFileReference; lastKnownFileType = sourcecode.cpp.objcpp; path = health_kit.mm; sourceTree = "<group>"; };
/* End PBXFileReference section */

/* Begin PBXFrameworksBuildPhase section */
		C05C500C2B4C9BB500F07DC3 /* Frameworks */ = {
			isa = PBXFrameworksBuildPhase;
			buildActionMask = 2147483647;
			files = (
			);
			runOnlyForDeploymentPostprocessing = 0;
		};
/* End PBXFrameworksBuildPhase section */

/* Begin PBXGroup section */
		C05C50062B4C9BB500F07DC3 = {
			isa = PBXGroup;
			children = (
				C05C50112B4C9BB500F07DC3 /* HealthKitPlugin */,
				C05C50102B4C9BB500F07DC3 /* Products */,
			);
			sourceTree = "<group>";
		};
		C05C50102B4C9BB500F07DC3 /* Products */ = {
			isa = PBXGroup;
			children = (
				C05C500F2B4C9BB500F07DC3 /* libHealthKitPlugin.a */,
			);
			name = Products;
			sourceTree = "<group>";
		};
		C05C50112B4C9BB500F07DC3 /* HealthKitPlugin */ = {
			isa = PBXGroup;
			children = (
				C05C50122B4C9BB500F07DC3 /* health_kit_module.h */,
				C05C50132B4C9BB500F07DC3 /* health_kit_module.cpp */,
				C05C501B2B4CA4D100F07DC3 /* health_kit.h */,
				C05C501C2B4CA4FB00F07DC3 /* health_kit.mm */,
			);
			path = HealthKitPlugin;
			sourceTree = "<group>";
		};
/* End PBXGroup section */

/* Begin PBXNativeTarget section */
		C05C500E2B4C9BB500F07DC3 /* HealthKitPlugin */ = {
			isa = PBXNativeTarget;
			buildConfigurationList = C05C50182B4C9BB500F07DC3 /* Build configuration list for PBXNativeTarget "HealthKitPlugin" */;
			buildPhases = (
				C05C500B2B4C9BB500F07DC3 /* Sources */,
				C05C500C2B4C9BB500F07DC3 /* Frameworks */,
				C05C500D2B4C9BB500F07DC3 /* CopyFiles */,
			);
			buildRules = (
			);
			dependencies = (
			);
			name = HealthKitPlugin;
			productName = HealthKitPlugin;
			productReference = C05C500F2B4C9BB500F07DC3 /* libHealthKitPlugin.a */;
			productType = "com.apple.product-type.library.static";
		};
/* End PBXNativeTarget section */

/* Begin PBXProject section */
		C05C50072B4C9BB500F07DC3 /* Project object */ = {
			isa = PBXProject;
			attributes = {
				BuildIndependentTargetsInParallel = 1;
				LastUpgradeCheck = 1420;
				TargetAttributes = {
					C05C500E2B4C9BB500F07DC3 = {
						CreatedOnToolsVersion = 14.2;
					};
				};
			};
			buildConfigurationList = C05C500A2B4C9BB500F07DC3 /* Build configuration list for PBXProject "HealthKitPlugin" */;
			compatibilityVersion = "Xcode 14.0";
			developmentRegion = en;
			hasScannedForEncodings = 0;
			knownRegions = (
				en,
				Base,
			);
			mainGroup = C05C50062B4C9BB500F07DC3;
			productRefGroup = C05C50102B4C9BB500F07DC3 /* Products */;
			projectDirPath = "";
			projectRoot = "";
			targets = (
				C05C500E2B4C9BB500F07DC3 /* HealthKitPlugin */,
			);
		};
/* End PBXProject section */

/* Begin PBXSourcesBuildPhase section */
		C05C500B2B4C9BB500F07DC3 /* Sources */ = {
			isa = PBXSourcesBuildPhase;
			buildActionMask = 2147483647;
			files = (
				C05C501D2B4CA4FB00F07DC3 /* health_kit.mm in Sources */,
				C05C50142B4C9BB500F07DC3 /* health_kit_module.cpp in Sources */,
			);
			runOnlyForDeploymentPostprocessing = 0;
		};
/* End PBXSourcesBuildPhase section */

/* Begin XCBuildConfiguration section */
		C05C50162B4C9BB500F07DC3 /* Debug */ = {
			isa = XCBuildConfiguration;
			buildSettings = {
				ALWAYS_SEARCH_USER_PATHS = NO;
				CLANG_ANALYZER_NONNULL = YES;
				CLANG_ANALYZER_NUMBER_OBJECT_CONVERSION = YES_AGGRESSIVE;
				CLANG_CXX_LANGUAGE_STANDARD = "gnu++20";
				CLANG_ENABLE_MODULES = YES;
				CLANG_ENABLE_OBJC_ARC = YES;
				CLANG_ENABLE_OBJC_WEAK = YES;
				CLANG_WARN_BLOCK_CAPTURE_AUTORELEASING = YES;
				CLANG_WARN_BOOL_CONVERSION = YES;
				CLANG_WARN_COMMA = YES;
				CLANG_WARN_CONSTANT_CONVERSION = YES;
				CLANG_WARN_DEPRECATED_OBJC_IMPLEMENTATIONS = YES;
				CLANG_WARN_DIRECT_OBJC_ISA_USAGE = YES_ERROR;
				CLANG_WARN_DOCUMENTATION_COMMENTS = YES;
				CLANG_WARN_EMPTY_BODY = YES;
				CLANG_WARN_ENUM_CONVERSION = YES;
				CLANG_WARN_INFINITE_RECURSION = YES;
				CLANG_WARN_INT_CONVERSION = YES;
				CLANG_WARN_NON_LITERAL_NULL_CONVERSION = YES;
				CLANG_WARN_OBJC_IMPLICIT_RETAIN_SELF = YES;
				CLANG_WARN_OBJC_LITERAL_CONVERSION = YES;
				CLANG_WARN_OBJC_ROOT_CLASS = YES_ERROR;
				CLANG_WARN_QUOTED_INCLUDE_IN_FRAMEWORK_HEADER = YES;
				CLANG_WARN_RANGE_LOOP_ANALYSIS = YES;
				CLANG_WARN_STRICT_PROTOTYPES = YES;
				CLANG_WARN_SUSPICIOUS_MOVE = YES;
				CLANG_WARN_UNGUARDED_AVAILABILITY = YES_AGGRESSIVE;
				CLANG_WARN_UNREACHABLE_CODE = YES;
				CLANG_WARN__DUPLICATE_METHOD_MATCH = YES;
				COPY_PHASE_STRIP = NO;
				DEBUG_INFORMATION_FORMAT = dwarf;
				ENABLE_STRICT_OBJC_MSGSEND = YES;
				ENABLE_TESTABILITY = YES;
				GCC_C_LANGUAGE_STANDARD = gnu11;
				GCC_DYNAMIC_NO_PIC = NO;
				GCC_NO_COMMON_BLOCKS = YES;
				GCC_OPTIMIZATION_LEVEL = 0;
				GCC_PREPROCESSOR_DEFINITIONS = (
					"DEBUG=1",
					"$(inherited)",
				);
				GCC_WARN_64_TO_32_BIT_CONVERSION = YES;
				GCC_WARN_ABOUT_RETURN_TYPE = YES_ERROR;
				GCC_WARN_UNDECLARED_SELECTOR = YES;
				GCC_WARN_UNINITIALIZED_AUTOS = YES_AGGRESSIVE;
				GCC_WARN_UNUSED_FUNCTION = YES;
				GCC_WARN_UNUSED_VARIABLE = YES;
				IPHONEOS_DEPLOYMENT_TARGET = 16.2;
				MTL_ENABLE_DEBUG_INFO = INCLUDE_SOURCE;
				MTL_FAST_MATH = YES;
				ONLY_ACTIVE_ARCH = YES;
				OTHER_LDFLAGS = "-ObjC";
				SDKROOT = iphoneos;
			};
			name = Debug;
		};
		C05C50172B4C9BB500F07DC3 /* Release */ = {
			isa = XCBuildConfiguration;
			buildSettings = {
				ALWAYS_SEARCH_USER_PATHS = NO;
				CLANG_ANALYZER_NONNULL = YES;
				CLANG_ANALYZER_NUMBER_OBJECT_CONVERSION = YES_AGGRESSIVE;
				CLANG_CXX_LANGUAGE_STANDARD = "gnu++20";
				CLANG_ENABLE_MODULES = YES;
				CLANG_ENABLE_OBJC_ARC = YES;
				CLANG_ENABLE_OBJC_WEAK = YES;
				CLANG_WARN_BLOCK_CAPTURE_AUTORELEASING = YES;
				CLANG_WARN_BOOL_CONVERSION = YES;
				CLANG_WARN_COMMA = YES;
				CLANG_WARN_CONSTANT_CONVERSION = YES;
				CLANG_WARN_DEPRECATED_OBJC_IMPLEMENTATIONS = YES;
				CLANG_WARN_DIRECT_OBJC_ISA_USAGE = YES_ERROR;
				CLANG_WARN_DOCUMENTATION_COMMENTS = YES;
				CLANG_WARN_EMPTY_BODY = YES;
				CLANG_WARN_ENUM_CONVERSION = YES;
				CLANG_WARN_INFINITE_RECURSION = YES;
				CLANG_WARN_INT_CONVERSION = YES;
				CLANG_WARN_NON_LITERAL_NULL_CONVERSION = YES;
				CLANG_WARN_OBJC_IMPLICIT_RETAIN_SELF = YES;
				CLANG_WARN_OBJC_LITERAL_CONVERSION = YES;
				CLANG_WARN_OBJC_ROOT_CLASS = YES_ERROR;
				CLANG_WARN_QUOTED_INCLUDE_IN_FRAMEWORK_HEADER = YES;
				CLANG_WARN_RANGE_LOOP_ANALYSIS = YES;
				CLANG_WARN_STRICT_PROTOTYPES = YES;
				CLANG_WARN_SUSPICIOUS_MOVE = YES;
				CLANG_WARN_UNGUARDED_AVAILABILITY = YES_AGGRESSIVE;
				CLANG_WARN_UNREACHABLE_CODE = YES;
				CLANG_WARN__DUPLICATE_METHOD_MATCH = YES;
				COPY_PHASE_STRIP = NO;
				DEBUG_INFORMATION_FORMAT = "dwarf-with-dsym";
				ENABLE_NS_ASSERTIONS = NO;
				ENABLE_STRICT_OBJC_MSGSEND = YES;
				GCC_C_LANGUAGE_STANDARD = gnu11;
				GCC_NO_COMMON_BLOCKS = YES;
				GCC_WARN_64_TO_32_BIT_CONVERSION = YES;
				GCC_WARN_ABOUT_RETURN_TYPE = YES_ERROR;
				GCC_WARN_UNDECLARED_SELECTOR = YES;
				GCC_WARN_UNINITIALIZED_AUTOS = YES_AGGRESSIVE;
				GCC_WARN_UNUSED_FUNCTION = YES;
				GCC_WARN_UNUSED_VARIABLE = YES;
				IPHONEOS_DEPLOYMENT_TARGET = 16.2;
				MTL_ENABLE_DEBUG_INFO = NO;
				MTL_FAST_MATH = YES;
				OTHER_LDFLAGS = "-ObjC";
				SDKROOT = iphoneos;
				VALIDATE_PRODUCT = YES;
			};
			name = Release;
		};
		C05C50192B4C9BB500F07DC3 /* Debug */ = {
			isa = XCBuildConfiguration;
			buildSettings = {
				CODE_SIGN_STYLE = Automatic;
				DEVELOPMENT_TEAM = JJ8VH333J5;
				HEADER_SEARCH_PATHS = "${SRCROOT}/godot";
				OTHER_CFLAGS = "";
				OTHER_LDFLAGS = "-ObjC";
				PRODUCT_NAME = "$(TARGET_NAME)";
				SKIP_INSTALL = YES;
				TARGETED_DEVICE_FAMILY = "1,2";
			};
			name = Debug;
		};
		C05C501A2B4C9BB500F07DC3 /* Release */ = {
			isa = XCBuildConfiguration;
			buildSettings = {
				CODE_SIGN_STYLE = Automatic;
				DEVELOPMENT_TEAM = JJ8VH333J5;
				HEADER_SEARCH_PATHS = "${SRCROOT}/godot";
				OTHER_CFLAGS = "";
				OTHER_LDFLAGS = "-ObjC";
				PRODUCT_NAME = "$(TARGET_NAME)";
				SKIP_INSTALL = YES;
				TARGETED_DEVICE_FAMILY = "1,2";
			};
			name = Release;
		};
/* End XCBuildConfiguration section */

/* Begin XCConfigurationList section */
		C05C500A2B4C9BB500F07DC3 /* Build configuration list for PBXProject "HealthKitPlugin" */ = {
			isa = XCConfigurationList;
			buildConfigurations = (
				C05C50162B4C9BB500F07DC3 /* Debug */,
				C05C50172B4C9BB500F07DC3 /* Release */,
			);
			defaultConfigurationIsVisible = 0;
			defaultConfigurationName = Release;
		};
		C05C50182B4C9BB500F07DC3 /* Build configuration list for PBXNativeTarget "HealthKitPlugin" */ = {
			isa = XCConfigurationList;
			buildConfigurations = (
				C05C50192B4C9BB500F07DC3 /* Debug */,
				C05C501A2B4C9BB500F07DC3 /* Release */,
			);
			defaultConfigurationIsVisible = 0;
			defaultConfigurationName = Release;
		};
/* End XCConfigurationList section */
	};
	rootObject = C05C50072B4C9BB500F07DC3 /* Project object */;
}
